{
    "_meta": {
        "hash": {
            "sha256": "4bbab97eb20d591c3dabb1af024c41881fc06e32b298e96b0a170c25ae34696f"
        },
        "pipfile-spec": 6,
        "requires": {
            "python_version": "3.9"
        },
        "sources": [
            {
                "name": "pypi",
                "url": "https://pypi.org/simple",
                "verify_ssl": true
            }
        ]
    },
    "default": {
        "aiohttp": {
            "extras": [
                "speedups"
            ],
            "version": "*"
        }
    },
    "develop": {}
}
