{
    "_meta": {
        "hash": {
            "sha256": "89cddd58225704c634131f9468270b3fae35084ed311ac7a61fcd5efa4b09a52"
        },
        "pipfile-spec": 6,
        "requires": {
            "python_version": "3.9"
        },
        "sources": [
            {
                "name": "pypi",
                "url": "https://pypi.org/simple",
                "verify_ssl": true
            }
        ]
    },
    "default": {
        "aiohttp": {
            "extras": [
                "speedups"
            ],
            "version": "*"
        }
    },
    "develop": {}
}
